
Microsoft Visual Studio Solution File, Format Version 12.00
# Visual Studio Version 16
VisualStudioVersion = 16.0.30225.117
MinimumVisualStudioVersion = 10.0.40219.1
Project("{FAE04EC0-301F-11D3-BF4B-00C04F79EFBC}") = "HappyNumber", "HappyNumber\HappyNumber.csproj", "{9617AE41-FA92-47CC-B0B7-24AD9F753D54}"
EndProject
Global
	GlobalSection(SolutionConfigurationPlatforms) = preSolution
		Debug|Any CPU = Debug|Any CPU
		Release|Any CPU = Release|Any CPU
	EndGlobalSection
	GlobalSection(ProjectConfigurationPlatforms) = postSolution
		{9617AE41-FA92-47CC-B0B7-24AD9F753D54}.Debug|Any CPU.ActiveCfg = Debug|Any CPU
		{9617AE41-FA92-47CC-B0B7-24AD9F753D54}.Debug|Any CPU.Build.0 = Debug|Any CPU
		{9617AE41-FA92-47CC-B0B7-24AD9F753D54}.Release|Any CPU.ActiveCfg = Release|Any CPU
		{9617AE41-FA92-47CC-B0B7-24AD9F753D54}.Release|Any CPU.Build.0 = Release|Any CPU
	EndGlobalSection
	GlobalSection(SolutionProperties) = preSolution
		HideSolutionNode = FALSE
	EndGlobalSection
	GlobalSection(ExtensibilityGlobals) = postSolution
		SolutionGuid = {D1253378-5095-4947-BBE2-7E9603D8518E}
	EndGlobalSection
EndGlobal
